
Microsoft Visual Studio Solution File, Format Version 12.00
# Visual Studio Version 16
VisualStudioVersion = 16.0.28803.156
MinimumVisualStudioVersion = 10.0.40219.1
Project("{2150E333-8FDC-42A3-9474-1A3956D46DE8}") = "src", "src", "{8BE1CA19-AC81-4188-90C9-274261A83F00}"
EndProject
Project("{9A19103F-16F7-4668-BE54-9A1E7A4F7556}") = "Cosmos.Data.Abstractions", "src\Cosmos.Data.Abstractions\Cosmos.Data.Abstractions.csproj", "{2C16752F-C3DD-40E5-89F6-DE6E2DE8BCB8}"
EndProject
Project("{9A19103F-16F7-4668-BE54-9A1E7A4F7556}") = "Cosmos.Data", "src\Cosmos.Data\Cosmos.Data.csproj", "{C8314AF4-DE17-4CA8-95D4-182BA9374B56}"
EndProject
Project("{9A19103F-16F7-4668-BE54-9A1E7A4F7556}") = "Cosmos.Data.Statements", "src\Cosmos.Data.Statements\Cosmos.Data.Statements.csproj", "{D22547A6-13E7-44F7-BB3E-AED3A383BCFC}"
EndProject
Project("{2150E333-8FDC-42A3-9474-1A3956D46DE8}") = "tests", "tests", "{782AA941-A67B-4859-B1D9-CC74475EF77F}"
EndProject
Project("{2150E333-8FDC-42A3-9474-1A3956D46DE8}") = "0 - extensions of dependency", "0 - extensions of dependency", "{80A049E4-EEF9-4885-941A-2F9E50577CFC}"
EndProject
Project("{2150E333-8FDC-42A3-9474-1A3956D46DE8}") = "src", "src", "{C88E301F-8F8D-46FA-87C5-9E9C30EF37B3}"
EndProject
Project("{2150E333-8FDC-42A3-9474-1A3956D46DE8}") = "1 - extensions of sql-dialects", "1 - extensions of sql-dialects", "{A69804FE-7146-442D-93F7-FE47798EFBBC}"
EndProject
Project("{9A19103F-16F7-4668-BE54-9A1E7A4F7556}") = "Cosmos.Data.Extensions.AspectCoreInjector", "extensions\dependency\src\Cosmos.Data.Extensions.AspectCoreInjector\Cosmos.Data.Extensions.AspectCoreInjector.csproj", "{3747E62C-E2DF-4379-A5EA-65912CEF3BE0}"
EndProject
Project("{9A19103F-16F7-4668-BE54-9A1E7A4F7556}") = "Cosmos.Data.Extensions.Autofac", "extensions\dependency\src\Cosmos.Data.Extensions.Autofac\Cosmos.Data.Extensions.Autofac.csproj", "{185C01A5-BF7A-4A87-A8D6-8D876E1814E0}"
EndProject
Project("{9A19103F-16F7-4668-BE54-9A1E7A4F7556}") = "Cosmos.Data.Extensions.DependencyInjection", "extensions\dependency\src\Cosmos.Data.Extensions.DependencyInjection\Cosmos.Data.Extensions.DependencyInjection.csproj", "{840D5E1D-09DC-4CA3-9490-15EBB0274ACA}"
EndProject
Project("{2150E333-8FDC-42A3-9474-1A3956D46DE8}") = "src-extensions", "src-extensions", "{37C435DB-F370-4810-BDF2-49F61CB64004}"
EndProject
Project("{9A19103F-16F7-4668-BE54-9A1E7A4F7556}") = "Cosmos.Data.Extensions.MySql", "extensions\dialects\src\Cosmos.Data.Extensions.MySql\Cosmos.Data.Extensions.MySql.csproj", "{F4B505D8-105A-4BAF-96C4-5C682D123724}"
EndProject
Project("{9A19103F-16F7-4668-BE54-9A1E7A4F7556}") = "Cosmos.Data.Extensions.PostgreSql", "extensions\dialects\src\Cosmos.Data.Extensions.PostgreSql\Cosmos.Data.Extensions.PostgreSql.csproj", "{18E35B18-FFEB-4139-9238-6785BD635FD7}"
EndProject
Project("{9A19103F-16F7-4668-BE54-9A1E7A4F7556}") = "Cosmos.Data.Extensions.SqlServer", "extensions\dialects\src\Cosmos.Data.Extensions.SqlServer\Cosmos.Data.Extensions.SqlServer.csproj", "{71B119CC-1A08-43B4-81C5-D979BEEDE6B0}"
EndProject
Project("{9A19103F-16F7-4668-BE54-9A1E7A4F7556}") = "Cosmos.Data.Extensions.Sqlite", "extensions\dialects\src\Cosmos.Data.Extensions.Sqlite\Cosmos.Data.Extensions.Sqlite.csproj", "{E76AF7E8-35CC-4974-BA6B-ED81530672C8}"
EndProject
Project("{9A19103F-16F7-4668-BE54-9A1E7A4F7556}") = "Cosmos.Data.Extensions.MySqlConnector", "extensions\dialects\src\Cosmos.Data.Extensions.MySqlConnector\Cosmos.Data.Extensions.MySqlConnector.csproj", "{550D2E40-930F-4002-8BDD-944E76E4300D}"
EndProject
Project("{2150E333-8FDC-42A3-9474-1A3956D46DE8}") = "2 - extensions of SqlKata", "2 - extensions of SqlKata", "{BB5B1ED4-624F-4270-979D-D7283090E1A7}"
EndProject
Project("{9A19103F-16F7-4668-BE54-9A1E7A4F7556}") = "Cosmos.Data.Extensions.SqlKata", "extensions\sqlkata\src\Cosmos.Data.Extensions.SqlKata\Cosmos.Data.Extensions.SqlKata.csproj", "{E065660E-5AED-4C47-A750-3A34F7510378}"
EndProject
Project("{9A19103F-16F7-4668-BE54-9A1E7A4F7556}") = "Cosmos.Data.Extensions.Oracle", "extensions\dialects\src\Cosmos.Data.Extensions.Oracle\Cosmos.Data.Extensions.Oracle.csproj", "{4AF583F2-F338-4CB3-B0C0-01E8FA0A80F0}"
EndProject
Project("{2150E333-8FDC-42A3-9474-1A3956D46DE8}") = "build", "build", "{23FB3772-F6E5-409A-91EA-6074B9C190D5}"
	ProjectSection(SolutionItems) = preProject
		build\common.props = build\common.props
		LICENSE = LICENSE
		NuGet.config = NuGet.config
		Publish.bat = Publish.bat
		PublishToMyGet.bat = PublishToMyGet.bat
		README.md = README.md
		build\version.props = build\version.props
	EndProjectSection
EndProject
Project("{2150E333-8FDC-42A3-9474-1A3956D46DE8}") = "src", "src", "{4910049A-A263-459C-8C28-4962FC812DBB}"
EndProject
Project("{2150E333-8FDC-42A3-9474-1A3956D46DE8}") = "src", "src", "{3671BBF0-3E5B-47A1-A2D3-FFDF26B7F0C8}"
EndProject
Global
	GlobalSection(SolutionConfigurationPlatforms) = preSolution
		Debug|Any CPU = Debug|Any CPU
		Release|Any CPU = Release|Any CPU
	EndGlobalSection
	GlobalSection(ProjectConfigurationPlatforms) = postSolution
		{2C16752F-C3DD-40E5-89F6-DE6E2DE8BCB8}.Debug|Any CPU.ActiveCfg = Debug|Any CPU
		{2C16752F-C3DD-40E5-89F6-DE6E2DE8BCB8}.Debug|Any CPU.Build.0 = Debug|Any CPU
		{2C16752F-C3DD-40E5-89F6-DE6E2DE8BCB8}.Release|Any CPU.ActiveCfg = Release|Any CPU
		{2C16752F-C3DD-40E5-89F6-DE6E2DE8BCB8}.Release|Any CPU.Build.0 = Release|Any CPU
		{C8314AF4-DE17-4CA8-95D4-182BA9374B56}.Debug|Any CPU.ActiveCfg = Debug|Any CPU
		{C8314AF4-DE17-4CA8-95D4-182BA9374B56}.Debug|Any CPU.Build.0 = Debug|Any CPU
		{C8314AF4-DE17-4CA8-95D4-182BA9374B56}.Release|Any CPU.ActiveCfg = Release|Any CPU
		{C8314AF4-DE17-4CA8-95D4-182BA9374B56}.Release|Any CPU.Build.0 = Release|Any CPU
		{D22547A6-13E7-44F7-BB3E-AED3A383BCFC}.Debug|Any CPU.ActiveCfg = Debug|Any CPU
		{D22547A6-13E7-44F7-BB3E-AED3A383BCFC}.Debug|Any CPU.Build.0 = Debug|Any CPU
		{D22547A6-13E7-44F7-BB3E-AED3A383BCFC}.Release|Any CPU.ActiveCfg = Release|Any CPU
		{D22547A6-13E7-44F7-BB3E-AED3A383BCFC}.Release|Any CPU.Build.0 = Release|Any CPU
		{3747E62C-E2DF-4379-A5EA-65912CEF3BE0}.Debug|Any CPU.ActiveCfg = Debug|Any CPU
		{3747E62C-E2DF-4379-A5EA-65912CEF3BE0}.Debug|Any CPU.Build.0 = Debug|Any CPU
		{3747E62C-E2DF-4379-A5EA-65912CEF3BE0}.Release|Any CPU.ActiveCfg = Release|Any CPU
		{3747E62C-E2DF-4379-A5EA-65912CEF3BE0}.Release|Any CPU.Build.0 = Release|Any CPU
		{185C01A5-BF7A-4A87-A8D6-8D876E1814E0}.Debug|Any CPU.ActiveCfg = Debug|Any CPU
		{185C01A5-BF7A-4A87-A8D6-8D876E1814E0}.Debug|Any CPU.Build.0 = Debug|Any CPU
		{185C01A5-BF7A-4A87-A8D6-8D876E1814E0}.Release|Any CPU.ActiveCfg = Release|Any CPU
		{185C01A5-BF7A-4A87-A8D6-8D876E1814E0}.Release|Any CPU.Build.0 = Release|Any CPU
		{840D5E1D-09DC-4CA3-9490-15EBB0274ACA}.Debug|Any CPU.ActiveCfg = Debug|Any CPU
		{840D5E1D-09DC-4CA3-9490-15EBB0274ACA}.Debug|Any CPU.Build.0 = Debug|Any CPU
		{840D5E1D-09DC-4CA3-9490-15EBB0274ACA}.Release|Any CPU.ActiveCfg = Release|Any CPU
		{840D5E1D-09DC-4CA3-9490-15EBB0274ACA}.Release|Any CPU.Build.0 = Release|Any CPU
		{F4B505D8-105A-4BAF-96C4-5C682D123724}.Debug|Any CPU.ActiveCfg = Debug|Any CPU
		{F4B505D8-105A-4BAF-96C4-5C682D123724}.Debug|Any CPU.Build.0 = Debug|Any CPU
		{F4B505D8-105A-4BAF-96C4-5C682D123724}.Release|Any CPU.ActiveCfg = Release|Any CPU
		{F4B505D8-105A-4BAF-96C4-5C682D123724}.Release|Any CPU.Build.0 = Release|Any CPU
		{18E35B18-FFEB-4139-9238-6785BD635FD7}.Debug|Any CPU.ActiveCfg = Debug|Any CPU
		{18E35B18-FFEB-4139-9238-6785BD635FD7}.Debug|Any CPU.Build.0 = Debug|Any CPU
		{18E35B18-FFEB-4139-9238-6785BD635FD7}.Release|Any CPU.ActiveCfg = Release|Any CPU
		{18E35B18-FFEB-4139-9238-6785BD635FD7}.Release|Any CPU.Build.0 = Release|Any CPU
		{71B119CC-1A08-43B4-81C5-D979BEEDE6B0}.Debug|Any CPU.ActiveCfg = Debug|Any CPU
		{71B119CC-1A08-43B4-81C5-D979BEEDE6B0}.Debug|Any CPU.Build.0 = Debug|Any CPU
		{71B119CC-1A08-43B4-81C5-D979BEEDE6B0}.Release|Any CPU.ActiveCfg = Release|Any CPU
		{71B119CC-1A08-43B4-81C5-D979BEEDE6B0}.Release|Any CPU.Build.0 = Release|Any CPU
		{E76AF7E8-35CC-4974-BA6B-ED81530672C8}.Debug|Any CPU.ActiveCfg = Debug|Any CPU
		{E76AF7E8-35CC-4974-BA6B-ED81530672C8}.Debug|Any CPU.Build.0 = Debug|Any CPU
		{E76AF7E8-35CC-4974-BA6B-ED81530672C8}.Release|Any CPU.ActiveCfg = Release|Any CPU
		{E76AF7E8-35CC-4974-BA6B-ED81530672C8}.Release|Any CPU.Build.0 = Release|Any CPU
		{550D2E40-930F-4002-8BDD-944E76E4300D}.Debug|Any CPU.ActiveCfg = Debug|Any CPU
		{550D2E40-930F-4002-8BDD-944E76E4300D}.Debug|Any CPU.Build.0 = Debug|Any CPU
		{550D2E40-930F-4002-8BDD-944E76E4300D}.Release|Any CPU.ActiveCfg = Release|Any CPU
		{550D2E40-930F-4002-8BDD-944E76E4300D}.Release|Any CPU.Build.0 = Release|Any CPU
		{E065660E-5AED-4C47-A750-3A34F7510378}.Debug|Any CPU.ActiveCfg = Debug|Any CPU
		{E065660E-5AED-4C47-A750-3A34F7510378}.Debug|Any CPU.Build.0 = Debug|Any CPU
		{E065660E-5AED-4C47-A750-3A34F7510378}.Release|Any CPU.ActiveCfg = Release|Any CPU
		{E065660E-5AED-4C47-A750-3A34F7510378}.Release|Any CPU.Build.0 = Release|Any CPU
		{4AF583F2-F338-4CB3-B0C0-01E8FA0A80F0}.Debug|Any CPU.ActiveCfg = Debug|Any CPU
		{4AF583F2-F338-4CB3-B0C0-01E8FA0A80F0}.Debug|Any CPU.Build.0 = Debug|Any CPU
		{4AF583F2-F338-4CB3-B0C0-01E8FA0A80F0}.Release|Any CPU.ActiveCfg = Release|Any CPU
		{4AF583F2-F338-4CB3-B0C0-01E8FA0A80F0}.Release|Any CPU.Build.0 = Release|Any CPU
	EndGlobalSection
	GlobalSection(SolutionProperties) = preSolution
		HideSolutionNode = FALSE
	EndGlobalSection
	GlobalSection(NestedProjects) = preSolution
		{2C16752F-C3DD-40E5-89F6-DE6E2DE8BCB8} = {8BE1CA19-AC81-4188-90C9-274261A83F00}
		{C8314AF4-DE17-4CA8-95D4-182BA9374B56} = {8BE1CA19-AC81-4188-90C9-274261A83F00}
		{D22547A6-13E7-44F7-BB3E-AED3A383BCFC} = {8BE1CA19-AC81-4188-90C9-274261A83F00}
		{80A049E4-EEF9-4885-941A-2F9E50577CFC} = {37C435DB-F370-4810-BDF2-49F61CB64004}
		{C88E301F-8F8D-46FA-87C5-9E9C30EF37B3} = {80A049E4-EEF9-4885-941A-2F9E50577CFC}
		{A69804FE-7146-442D-93F7-FE47798EFBBC} = {37C435DB-F370-4810-BDF2-49F61CB64004}
		{3747E62C-E2DF-4379-A5EA-65912CEF3BE0} = {C88E301F-8F8D-46FA-87C5-9E9C30EF37B3}
		{185C01A5-BF7A-4A87-A8D6-8D876E1814E0} = {C88E301F-8F8D-46FA-87C5-9E9C30EF37B3}
		{840D5E1D-09DC-4CA3-9490-15EBB0274ACA} = {C88E301F-8F8D-46FA-87C5-9E9C30EF37B3}
		{BB5B1ED4-624F-4270-979D-D7283090E1A7} = {37C435DB-F370-4810-BDF2-49F61CB64004}
		{4910049A-A263-459C-8C28-4962FC812DBB} = {A69804FE-7146-442D-93F7-FE47798EFBBC}
		{3671BBF0-3E5B-47A1-A2D3-FFDF26B7F0C8} = {BB5B1ED4-624F-4270-979D-D7283090E1A7}
		{E065660E-5AED-4C47-A750-3A34F7510378} = {3671BBF0-3E5B-47A1-A2D3-FFDF26B7F0C8}
		{F4B505D8-105A-4BAF-96C4-5C682D123724} = {4910049A-A263-459C-8C28-4962FC812DBB}
		{550D2E40-930F-4002-8BDD-944E76E4300D} = {4910049A-A263-459C-8C28-4962FC812DBB}
		{4AF583F2-F338-4CB3-B0C0-01E8FA0A80F0} = {4910049A-A263-459C-8C28-4962FC812DBB}
		{18E35B18-FFEB-4139-9238-6785BD635FD7} = {4910049A-A263-459C-8C28-4962FC812DBB}
		{E76AF7E8-35CC-4974-BA6B-ED81530672C8} = {4910049A-A263-459C-8C28-4962FC812DBB}
		{71B119CC-1A08-43B4-81C5-D979BEEDE6B0} = {4910049A-A263-459C-8C28-4962FC812DBB}
	EndGlobalSection
	GlobalSection(ExtensibilityGlobals) = postSolution
		SolutionGuid = {258C7E48-AA32-46FF-8557-55C080033302}
	EndGlobalSection
EndGlobal
